
Microsoft Visual Studio Solution File, Format Version 11.00
# Visual Studio 2010
Project("{FAE04EC0-301F-11D3-BF4B-00C04F79EFBC}") = "SetLastAccess2", "SetLastAccess2.csproj", "{A6AD8B1C-1432-4448-B749-D3D5DB02D0CD}"
EndProject
Global
	GlobalSection(TeamFoundationVersionControl) = preSolution
		SccNumberOfProjects = 2
		SccEnterpriseProvider = {4CA58AB2-18FA-4F8D-95D4-32DDF27D184C}
		SccTeamFoundationServer = https://tfs.codeplex.com/tfs/tfs03
		SccLocalPath0 = .
		SccProjectUniqueName1 = SetLastAccess2.csproj
		SccLocalPath1 = .
	EndGlobalSection
	GlobalSection(SolutionConfigurationPlatforms) = preSolution
		Debug|x86 = Debug|x86
		Release|x86 = Release|x86
	EndGlobalSection
	GlobalSection(ProjectConfigurationPlatforms) = postSolution
		{A6AD8B1C-1432-4448-B749-D3D5DB02D0CD}.Debug|x86.ActiveCfg = Debug|x86
		{A6AD8B1C-1432-4448-B749-D3D5DB02D0CD}.Debug|x86.Build.0 = Debug|x86
		{A6AD8B1C-1432-4448-B749-D3D5DB02D0CD}.Release|x86.ActiveCfg = Release|x86
		{A6AD8B1C-1432-4448-B749-D3D5DB02D0CD}.Release|x86.Build.0 = Release|x86
	EndGlobalSection
	GlobalSection(SolutionProperties) = preSolution
		HideSolutionNode = FALSE
	EndGlobalSection
EndGlobal
